PODS:
  - FBSnapshotTestCase (2.1.4):
    - FBSnapshotTestCase/SwiftSupport (= 2.1.4)
  - FBSnapshotTestCase/Core (2.1.4)
  - FBSnapshotTestCase/SwiftSupport (2.1.4):
    - FBSnapshotTestCase/Core
  - WBAIFlashlivenessDetectSDK (0.1.0)

DEPENDENCIES:
  - FBSnapshotTestCase (~> 2.1.4)
  - WBAIFlashlivenessDetectSDK (from `../`)

SPEC REPOS:
  trunk:
    - FBSnapshotTestCase

EXTERNAL SOURCES:
  WBAIFlashlivenessDetectSDK:
    :path: "../"

SPEC CHECKSUMS:
  FBSnapshotTestCase: 094f9f314decbabe373b87cc339bea235a63e07a
  WBAIFlashlivenessDetectSDK: 4698d1332020fbf64f4e9380bc0971efa0eb9eae

PODFILE CHECKSUM: 87be95e9aee4b168544a686e225104f1b022d75e

COCOAPODS: 1.8.4
